
Microsoft Visual Studio Solution File, Format Version 12.00
# Visual Studio 2012
Project("{FAE04EC0-301F-11D3-BF4B-00C04F79EFBC}") = "ThumbTest", "ThumbTest.csproj", "{BB3682A9-9D6B-4BE2-9C6E-42D3CC9B2E24}"
EndProject
Project("{FAE04EC0-301F-11D3-BF4B-00C04F79EFBC}") = "ThumbTest.iOS", "iOS\ThumbTest.iOS.csproj", "{429960A1-6A70-426E-9D1D-CBF2EABCAF03}"
EndProject
Global
	GlobalSection(SolutionConfigurationPlatforms) = preSolution
		Debug|Any CPU = Debug|Any CPU
		Release|Any CPU = Release|Any CPU
		Debug|iPhoneSimulator = Debug|iPhoneSimulator
		Release|iPhone = Release|iPhone
		Release|iPhoneSimulator = Release|iPhoneSimulator
		Debug|iPhone = Debug|iPhone
	EndGlobalSection
	GlobalSection(ProjectConfigurationPlatforms) = postSolution
		{BB3682A9-9D6B-4BE2-9C6E-42D3CC9B2E24}.Debug|Any CPU.ActiveCfg = Debug|Any CPU
		{BB3682A9-9D6B-4BE2-9C6E-42D3CC9B2E24}.Debug|Any CPU.Build.0 = Debug|Any CPU
		{BB3682A9-9D6B-4BE2-9C6E-42D3CC9B2E24}.Release|Any CPU.ActiveCfg = Release|Any CPU
		{BB3682A9-9D6B-4BE2-9C6E-42D3CC9B2E24}.Release|Any CPU.Build.0 = Release|Any CPU
		{BB3682A9-9D6B-4BE2-9C6E-42D3CC9B2E24}.Debug|iPhoneSimulator.ActiveCfg = Debug|Any CPU
		{BB3682A9-9D6B-4BE2-9C6E-42D3CC9B2E24}.Debug|iPhoneSimulator.Build.0 = Debug|Any CPU
		{BB3682A9-9D6B-4BE2-9C6E-42D3CC9B2E24}.Release|iPhone.ActiveCfg = Release|Any CPU
		{BB3682A9-9D6B-4BE2-9C6E-42D3CC9B2E24}.Release|iPhone.Build.0 = Release|Any CPU
		{BB3682A9-9D6B-4BE2-9C6E-42D3CC9B2E24}.Release|iPhoneSimulator.ActiveCfg = Release|Any CPU
		{BB3682A9-9D6B-4BE2-9C6E-42D3CC9B2E24}.Release|iPhoneSimulator.Build.0 = Release|Any CPU
		{BB3682A9-9D6B-4BE2-9C6E-42D3CC9B2E24}.Debug|iPhone.ActiveCfg = Debug|Any CPU
		{BB3682A9-9D6B-4BE2-9C6E-42D3CC9B2E24}.Debug|iPhone.Build.0 = Debug|Any CPU
		{429960A1-6A70-426E-9D1D-CBF2EABCAF03}.Debug|Any CPU.ActiveCfg = Debug|iPhoneSimulator
		{429960A1-6A70-426E-9D1D-CBF2EABCAF03}.Debug|Any CPU.Build.0 = Debug|iPhoneSimulator
		{429960A1-6A70-426E-9D1D-CBF2EABCAF03}.Release|Any CPU.ActiveCfg = Release|iPhone
		{429960A1-6A70-426E-9D1D-CBF2EABCAF03}.Release|Any CPU.Build.0 = Release|iPhone
		{429960A1-6A70-426E-9D1D-CBF2EABCAF03}.Debug|iPhoneSimulator.ActiveCfg = Debug|iPhoneSimulator
		{429960A1-6A70-426E-9D1D-CBF2EABCAF03}.Debug|iPhoneSimulator.Build.0 = Debug|iPhoneSimulator
		{429960A1-6A70-426E-9D1D-CBF2EABCAF03}.Release|iPhone.ActiveCfg = Release|iPhone
		{429960A1-6A70-426E-9D1D-CBF2EABCAF03}.Release|iPhone.Build.0 = Release|iPhone
		{429960A1-6A70-426E-9D1D-CBF2EABCAF03}.Release|iPhoneSimulator.ActiveCfg = Release|iPhoneSimulator
		{429960A1-6A70-426E-9D1D-CBF2EABCAF03}.Release|iPhoneSimulator.Build.0 = Release|iPhoneSimulator
		{429960A1-6A70-426E-9D1D-CBF2EABCAF03}.Debug|iPhone.ActiveCfg = Debug|iPhone
		{429960A1-6A70-426E-9D1D-CBF2EABCAF03}.Debug|iPhone.Build.0 = Debug|iPhone
	EndGlobalSection
EndGlobal
